
Microsoft Visual Studio Solution File, Format Version 12.00
# Visual Studio Version 17
VisualStudioVersion = 17.5.002.0
MinimumVisualStudioVersion = 10.0.40219.1
Project("{9A19103F-16F7-4668-BE54-9A1E7A4F7556}") = "task0", "task0\task0.csproj", "{4315405F-37E1-4FFC-BB8A-740AD7A26E03}"
EndProject
Project("{FAE04EC0-301F-11D3-BF4B-00C04F79EFBC}") = "dz1", "dz1\dz1.csproj", "{177BCE5E-A8F6-47D3-9644-2BE7295997E7}"
EndProject
Project("{FAE04EC0-301F-11D3-BF4B-00C04F79EFBC}") = "dz2", "dz2\dz2.csproj", "{556D9533-1029-4D7D-ADEE-E2911B5E860F}"
EndProject
Project("{FAE04EC0-301F-11D3-BF4B-00C04F79EFBC}") = "dz3", "dz3\dz3.csproj", "{56C0A55B-76D4-4BC7-96BB-7065DD32A20D}"
EndProject
Project("{FAE04EC0-301F-11D3-BF4B-00C04F79EFBC}") = "dz5", "dz5\dz5.csproj", "{6CF7F927-CCE4-4004-B693-0108144DC5E1}"
EndProject
Project("{FAE04EC0-301F-11D3-BF4B-00C04F79EFBC}") = "dz6", "dz6\dz6.csproj", "{45EF840F-BF71-4AC4-B8F0-8A198F75187E}"
EndProject
Project("{FAE04EC0-301F-11D3-BF4B-00C04F79EFBC}") = "dz7", "dz7\dz7.csproj", "{FA2FE6CD-1324-49CF-9778-639ECB614A61}"
EndProject
Project("{FAE04EC0-301F-11D3-BF4B-00C04F79EFBC}") = "Example009_IntroArray", "Example009_IntroArray\Example009_IntroArray.csproj", "{EC3749B7-DC5F-49C3-BFEB-398D88443CE8}"
EndProject
Project("{FAE04EC0-301F-11D3-BF4B-00C04F79EFBC}") = "Example010_MethodArray", "Example010_MethodArray\Example010_MethodArray.csproj", "{C0CE9125-3D92-4D06-AD99-74A7ED298580}"
EndProject
Project("{FAE04EC0-301F-11D3-BF4B-00C04F79EFBC}") = "Example011_ArrayLibrary", "Example011_ArrayLibrary\Example011_ArrayLibrary.csproj", "{880F0E1E-C1D1-4078-BF07-6B3F4D836C95}"
EndProject
Project("{FAE04EC0-301F-11D3-BF4B-00C04F79EFBC}") = "lection2", "lection2\lection2.csproj", "{90FB2A15-9F56-4A8C-AD67-3E3E285506CF}"
EndProject
Project("{FAE04EC0-301F-11D3-BF4B-00C04F79EFBC}") = "task1", "task1\task1.csproj", "{2EBF2803-A5FB-40D9-B69C-A17DA10C267C}"
EndProject
Project("{FAE04EC0-301F-11D3-BF4B-00C04F79EFBC}") = "task3", "task3\task3.csproj", "{8A2B0B79-7AB4-4C1E-9084-6CA220160EE7}"
EndProject
Project("{FAE04EC0-301F-11D3-BF4B-00C04F79EFBC}") = "task4", "task4\task4.csproj", "{6AC0CF40-E1C9-458D-B4FE-C4827794E6B0}"
EndProject
Project("{FAE04EC0-301F-11D3-BF4B-00C04F79EFBC}") = "task9", "task9\task9.csproj", "{7E619E4E-0E56-495A-8D89-556052200BCE}"
EndProject
Project("{FAE04EC0-301F-11D3-BF4B-00C04F79EFBC}") = "task10", "task10\task10.csproj", "{285AB282-6FB6-4804-A271-390C7B5B5E0A}"
EndProject
Project("{FAE04EC0-301F-11D3-BF4B-00C04F79EFBC}") = "task11", "task11\task11.csproj", "{10CCA184-D5BF-47A2-A89A-F7DC38633826}"
EndProject
Project("{FAE04EC0-301F-11D3-BF4B-00C04F79EFBC}") = "task12", "task12\task12.csproj", "{6CA7452F-3948-4EFF-A52B-77607AE286C7}"
EndProject
Project("{FAE04EC0-301F-11D3-BF4B-00C04F79EFBC}") = "task13", "task13\task13.csproj", "{28630EF1-2F7B-424B-81BF-DA93FC8996D8}"
EndProject
Project("{FAE04EC0-301F-11D3-BF4B-00C04F79EFBC}") = "task14", "task14\task14.csproj", "{28853BD5-AD88-4B20-A066-8F11280AF646}"
EndProject
Project("{FAE04EC0-301F-11D3-BF4B-00C04F79EFBC}") = "task15", "task15\task15.csproj", "{7963332A-34CE-4F4C-AEF9-F48563EA241A}"
EndProject
Project("{FAE04EC0-301F-11D3-BF4B-00C04F79EFBC}") = "task16", "task16\task16.csproj", "{26FDBC0F-F099-4DD8-B663-E35035176825}"
EndProject
Project("{FAE04EC0-301F-11D3-BF4B-00C04F79EFBC}") = "task17", "task17\task17.csproj", "{E83F8553-562F-4D84-B4F9-6B57FB80D1AC}"
EndProject
Global
	GlobalSection(SolutionConfigurationPlatforms) = preSolution
		Debug|Any CPU = Debug|Any CPU
		Release|Any CPU = Release|Any CPU
	EndGlobalSection
	GlobalSection(ProjectConfigurationPlatforms) = postSolution
		{4315405F-37E1-4FFC-BB8A-740AD7A26E03}.Debug|Any CPU.ActiveCfg = Debug|Any CPU
		{4315405F-37E1-4FFC-BB8A-740AD7A26E03}.Debug|Any CPU.Build.0 = Debug|Any CPU
		{4315405F-37E1-4FFC-BB8A-740AD7A26E03}.Release|Any CPU.ActiveCfg = Release|Any CPU
		{4315405F-37E1-4FFC-BB8A-740AD7A26E03}.Release|Any CPU.Build.0 = Release|Any CPU
		{177BCE5E-A8F6-47D3-9644-2BE7295997E7}.Debug|Any CPU.ActiveCfg = Debug|Any CPU
		{177BCE5E-A8F6-47D3-9644-2BE7295997E7}.Debug|Any CPU.Build.0 = Debug|Any CPU
		{177BCE5E-A8F6-47D3-9644-2BE7295997E7}.Release|Any CPU.ActiveCfg = Release|Any CPU
		{177BCE5E-A8F6-47D3-9644-2BE7295997E7}.Release|Any CPU.Build.0 = Release|Any CPU
		{556D9533-1029-4D7D-ADEE-E2911B5E860F}.Debug|Any CPU.ActiveCfg = Debug|Any CPU
		{556D9533-1029-4D7D-ADEE-E2911B5E860F}.Debug|Any CPU.Build.0 = Debug|Any CPU
		{556D9533-1029-4D7D-ADEE-E2911B5E860F}.Release|Any CPU.ActiveCfg = Release|Any CPU
		{556D9533-1029-4D7D-ADEE-E2911B5E860F}.Release|Any CPU.Build.0 = Release|Any CPU
		{56C0A55B-76D4-4BC7-96BB-7065DD32A20D}.Debug|Any CPU.ActiveCfg = Debug|Any CPU
		{56C0A55B-76D4-4BC7-96BB-7065DD32A20D}.Debug|Any CPU.Build.0 = Debug|Any CPU
		{56C0A55B-76D4-4BC7-96BB-7065DD32A20D}.Release|Any CPU.ActiveCfg = Release|Any CPU
		{56C0A55B-76D4-4BC7-96BB-7065DD32A20D}.Release|Any CPU.Build.0 = Release|Any CPU
		{6CF7F927-CCE4-4004-B693-0108144DC5E1}.Debug|Any CPU.ActiveCfg = Debug|Any CPU
		{6CF7F927-CCE4-4004-B693-0108144DC5E1}.Debug|Any CPU.Build.0 = Debug|Any CPU
		{6CF7F927-CCE4-4004-B693-0108144DC5E1}.Release|Any CPU.ActiveCfg = Release|Any CPU
		{6CF7F927-CCE4-4004-B693-0108144DC5E1}.Release|Any CPU.Build.0 = Release|Any CPU
		{45EF840F-BF71-4AC4-B8F0-8A198F75187E}.Debug|Any CPU.ActiveCfg = Debug|Any CPU
		{45EF840F-BF71-4AC4-B8F0-8A198F75187E}.Debug|Any CPU.Build.0 = Debug|Any CPU
		{45EF840F-BF71-4AC4-B8F0-8A198F75187E}.Release|Any CPU.ActiveCfg = Release|Any CPU
		{45EF840F-BF71-4AC4-B8F0-8A198F75187E}.Release|Any CPU.Build.0 = Release|Any CPU
		{FA2FE6CD-1324-49CF-9778-639ECB614A61}.Debug|Any CPU.ActiveCfg = Debug|Any CPU
		{FA2FE6CD-1324-49CF-9778-639ECB614A61}.Debug|Any CPU.Build.0 = Debug|Any CPU
		{FA2FE6CD-1324-49CF-9778-639ECB614A61}.Release|Any CPU.ActiveCfg = Release|Any CPU
		{FA2FE6CD-1324-49CF-9778-639ECB614A61}.Release|Any CPU.Build.0 = Release|Any CPU
		{EC3749B7-DC5F-49C3-BFEB-398D88443CE8}.Debug|Any CPU.ActiveCfg = Debug|Any CPU
		{EC3749B7-DC5F-49C3-BFEB-398D88443CE8}.Debug|Any CPU.Build.0 = Debug|Any CPU
		{EC3749B7-DC5F-49C3-BFEB-398D88443CE8}.Release|Any CPU.ActiveCfg = Release|Any CPU
		{EC3749B7-DC5F-49C3-BFEB-398D88443CE8}.Release|Any CPU.Build.0 = Release|Any CPU
		{C0CE9125-3D92-4D06-AD99-74A7ED298580}.Debug|Any CPU.ActiveCfg = Debug|Any CPU
		{C0CE9125-3D92-4D06-AD99-74A7ED298580}.Debug|Any CPU.Build.0 = Debug|Any CPU
		{C0CE9125-3D92-4D06-AD99-74A7ED298580}.Release|Any CPU.ActiveCfg = Release|Any CPU
		{C0CE9125-3D92-4D06-AD99-74A7ED298580}.Release|Any CPU.Build.0 = Release|Any CPU
		{880F0E1E-C1D1-4078-BF07-6B3F4D836C95}.Debug|Any CPU.ActiveCfg = Debug|Any CPU
		{880F0E1E-C1D1-4078-BF07-6B3F4D836C95}.Debug|Any CPU.Build.0 = Debug|Any CPU
		{880F0E1E-C1D1-4078-BF07-6B3F4D836C95}.Release|Any CPU.ActiveCfg = Release|Any CPU
		{880F0E1E-C1D1-4078-BF07-6B3F4D836C95}.Release|Any CPU.Build.0 = Release|Any CPU
		{90FB2A15-9F56-4A8C-AD67-3E3E285506CF}.Debug|Any CPU.ActiveCfg = Debug|Any CPU
		{90FB2A15-9F56-4A8C-AD67-3E3E285506CF}.Debug|Any CPU.Build.0 = Debug|Any CPU
		{90FB2A15-9F56-4A8C-AD67-3E3E285506CF}.Release|Any CPU.ActiveCfg = Release|Any CPU
		{90FB2A15-9F56-4A8C-AD67-3E3E285506CF}.Release|Any CPU.Build.0 = Release|Any CPU
		{2EBF2803-A5FB-40D9-B69C-A17DA10C267C}.Debug|Any CPU.ActiveCfg = Debug|Any CPU
		{2EBF2803-A5FB-40D9-B69C-A17DA10C267C}.Debug|Any CPU.Build.0 = Debug|Any CPU
		{2EBF2803-A5FB-40D9-B69C-A17DA10C267C}.Release|Any CPU.ActiveCfg = Release|Any CPU
		{2EBF2803-A5FB-40D9-B69C-A17DA10C267C}.Release|Any CPU.Build.0 = Release|Any CPU
		{8A2B0B79-7AB4-4C1E-9084-6CA220160EE7}.Debug|Any CPU.ActiveCfg = Debug|Any CPU
		{8A2B0B79-7AB4-4C1E-9084-6CA220160EE7}.Debug|Any CPU.Build.0 = Debug|Any CPU
		{8A2B0B79-7AB4-4C1E-9084-6CA220160EE7}.Release|Any CPU.ActiveCfg = Release|Any CPU
		{8A2B0B79-7AB4-4C1E-9084-6CA220160EE7}.Release|Any CPU.Build.0 = Release|Any CPU
		{6AC0CF40-E1C9-458D-B4FE-C4827794E6B0}.Debug|Any CPU.ActiveCfg = Debug|Any CPU
		{6AC0CF40-E1C9-458D-B4FE-C4827794E6B0}.Debug|Any CPU.Build.0 = Debug|Any CPU
		{6AC0CF40-E1C9-458D-B4FE-C4827794E6B0}.Release|Any CPU.ActiveCfg = Release|Any CPU
		{6AC0CF40-E1C9-458D-B4FE-C4827794E6B0}.Release|Any CPU.Build.0 = Release|Any CPU
		{7E619E4E-0E56-495A-8D89-556052200BCE}.Debug|Any CPU.ActiveCfg = Debug|Any CPU
		{7E619E4E-0E56-495A-8D89-556052200BCE}.Debug|Any CPU.Build.0 = Debug|Any CPU
		{7E619E4E-0E56-495A-8D89-556052200BCE}.Release|Any CPU.ActiveCfg = Release|Any CPU
		{7E619E4E-0E56-495A-8D89-556052200BCE}.Release|Any CPU.Build.0 = Release|Any CPU
		{285AB282-6FB6-4804-A271-390C7B5B5E0A}.Debug|Any CPU.ActiveCfg = Debug|Any CPU
		{285AB282-6FB6-4804-A271-390C7B5B5E0A}.Debug|Any CPU.Build.0 = Debug|Any CPU
		{285AB282-6FB6-4804-A271-390C7B5B5E0A}.Release|Any CPU.ActiveCfg = Release|Any CPU
		{285AB282-6FB6-4804-A271-390C7B5B5E0A}.Release|Any CPU.Build.0 = Release|Any CPU
		{10CCA184-D5BF-47A2-A89A-F7DC38633826}.Debug|Any CPU.ActiveCfg = Debug|Any CPU
		{10CCA184-D5BF-47A2-A89A-F7DC38633826}.Debug|Any CPU.Build.0 = Debug|Any CPU
		{10CCA184-D5BF-47A2-A89A-F7DC38633826}.Release|Any CPU.ActiveCfg = Release|Any CPU
		{10CCA184-D5BF-47A2-A89A-F7DC38633826}.Release|Any CPU.Build.0 = Release|Any CPU
		{6CA7452F-3948-4EFF-A52B-77607AE286C7}.Debug|Any CPU.ActiveCfg = Debug|Any CPU
		{6CA7452F-3948-4EFF-A52B-77607AE286C7}.Debug|Any CPU.Build.0 = Debug|Any CPU
		{6CA7452F-3948-4EFF-A52B-77607AE286C7}.Release|Any CPU.ActiveCfg = Release|Any CPU
		{6CA7452F-3948-4EFF-A52B-77607AE286C7}.Release|Any CPU.Build.0 = Release|Any CPU
		{28630EF1-2F7B-424B-81BF-DA93FC8996D8}.Debug|Any CPU.ActiveCfg = Debug|Any CPU
		{28630EF1-2F7B-424B-81BF-DA93FC8996D8}.Debug|Any CPU.Build.0 = Debug|Any CPU
		{28630EF1-2F7B-424B-81BF-DA93FC8996D8}.Release|Any CPU.ActiveCfg = Release|Any CPU
		{28630EF1-2F7B-424B-81BF-DA93FC8996D8}.Release|Any CPU.Build.0 = Release|Any CPU
		{28853BD5-AD88-4B20-A066-8F11280AF646}.Debug|Any CPU.ActiveCfg = Debug|Any CPU
		{28853BD5-AD88-4B20-A066-8F11280AF646}.Debug|Any CPU.Build.0 = Debug|Any CPU
		{28853BD5-AD88-4B20-A066-8F11280AF646}.Release|Any CPU.ActiveCfg = Release|Any CPU
		{28853BD5-AD88-4B20-A066-8F11280AF646}.Release|Any CPU.Build.0 = Release|Any CPU
		{7963332A-34CE-4F4C-AEF9-F48563EA241A}.Debug|Any CPU.ActiveCfg = Debug|Any CPU
		{7963332A-34CE-4F4C-AEF9-F48563EA241A}.Debug|Any CPU.Build.0 = Debug|Any CPU
		{7963332A-34CE-4F4C-AEF9-F48563EA241A}.Release|Any CPU.ActiveCfg = Release|Any CPU
		{7963332A-34CE-4F4C-AEF9-F48563EA241A}.Release|Any CPU.Build.0 = Release|Any CPU
		{26FDBC0F-F099-4DD8-B663-E35035176825}.Debug|Any CPU.ActiveCfg = Debug|Any CPU
		{26FDBC0F-F099-4DD8-B663-E35035176825}.Debug|Any CPU.Build.0 = Debug|Any CPU
		{26FDBC0F-F099-4DD8-B663-E35035176825}.Release|Any CPU.ActiveCfg = Release|Any CPU
		{26FDBC0F-F099-4DD8-B663-E35035176825}.Release|Any CPU.Build.0 = Release|Any CPU
		{E83F8553-562F-4D84-B4F9-6B57FB80D1AC}.Debug|Any CPU.ActiveCfg = Debug|Any CPU
		{E83F8553-562F-4D84-B4F9-6B57FB80D1AC}.Debug|Any CPU.Build.0 = Debug|Any CPU
		{E83F8553-562F-4D84-B4F9-6B57FB80D1AC}.Release|Any CPU.ActiveCfg = Release|Any CPU
		{E83F8553-562F-4D84-B4F9-6B57FB80D1AC}.Release|Any CPU.Build.0 = Release|Any CPU
	EndGlobalSection
	GlobalSection(SolutionProperties) = preSolution
		HideSolutionNode = FALSE
	EndGlobalSection
	GlobalSection(ExtensibilityGlobals) = postSolution
		SolutionGuid = {5B2CF4A5-17D1-46CA-8F0F-C75FE46F7294}
	EndGlobalSection
EndGlobal
